// !$*UTF8*$!
{
	archiveVersion = 1;
	classes = {
	};
	objectVersion = 46;
	objects = {

/* Begin PBXBuildFile section */
		07A41BF31953EB2A00D61372 /* AppDelegate.swift in Sources */ = {isa = PBXBuildFile; fileRef = 07A41BF21953EB2A00D61372 /* AppDelegate.swift */; };
		07A41BF51953EB2A00D61372 /* Images.xcassets in Resources */ = {isa = PBXBuildFile; fileRef = 07A41BF41953EB2A00D61372 /* Images.xcassets */; };
		07A41C011953EB2A00D61372 /* Yo_KeyboardTests.swift in Sources */ = {isa = PBXBuildFile; fileRef = 07A41C001953EB2A00D61372 /* Yo_KeyboardTests.swift */; };
		07A41C131953EBCF00D61372 /* KeyboardViewController.swift in Sources */ = {isa = PBXBuildFile; fileRef = 07A41C121953EBCF00D61372 /* KeyboardViewController.swift */; };
		07A41C161953EBCF00D61372 /* uspi.Yo-Keyboard.Yo.appex in Embed App Extensions */ = {isa = PBXBuildFile; fileRef = 07A41C0E1953EBCF00D61372 /* uspi.Yo-Keyboard.Yo.appex */; };
/* End PBXBuildFile section */

/* Begin PBXContainerItemProxy section */
		07A41BFB1953EB2A00D61372 /* PBXContainerItemProxy */ = {
			isa = PBXContainerItemProxy;
			containerPortal = 07A41BE51953EB2A00D61372 /* Project object */;
			proxyType = 1;
			remoteGlobalIDString = 07A41BEC1953EB2A00D61372;
			remoteInfo = "Yo Keyboard";
		};
		07A41C141953EBCF00D61372 /* PBXContainerItemProxy */ = {
			isa = PBXContainerItemProxy;
			containerPortal = 07A41BE51953EB2A00D61372 /* Project object */;
			proxyType = 1;
			remoteGlobalIDString = 07A41C0D1953EBCF00D61372;
			remoteInfo = Yo;
		};
		07A41C171953EBCF00D61372 /* PBXContainerItemProxy */ = {
			isa = PBXContainerItemProxy;
			containerPortal = 07A41BE51953EB2A00D61372 /* Project object */;
			proxyType = 1;
			remoteGlobalIDString = 07A41C0D1953EBCF00D61372;
			remoteInfo = Yo;
		};
/* End PBXContainerItemProxy section */

/* Begin PBXCopyFilesBuildPhase section */
		07A41C1C1953EBCF00D61372 /* Embed App Extensions */ = {
			isa = PBXCopyFilesBuildPhase;
			buildActionMask = 2147483647;
			dstPath = "";
			dstSubfolderSpec = 13;
			files = (
				07A41C161953EBCF00D61372 /* uspi.Yo-Keyboard.Yo.appex in Embed App Extensions */,
			);
			name = "Embed App Extensions";
			runOnlyForDeploymentPostprocessing = 0;
		};
/* End PBXCopyFilesBuildPhase section */

/* Begin PBXFileReference section */
		07A41BED1953EB2A00D61372 /* Yo Keyboard.app */ = {isa = PBXFileReference; explicitFileType = wrapper.application; includeInIndex = 0; path = "Yo Keyboard.app"; sourceTree = BUILT_PRODUCTS_DIR; };
		07A41BF11953EB2A00D61372 /* Info.plist */ = {isa = PBXFileReference; lastKnownFileType = text.plist.xml; path = Info.plist; sourceTree = "<group>"; };
		07A41BF21953EB2A00D61372 /* AppDelegate.swift */ = {isa = PBXFileReference; lastKnownFileType = sourcecode.swift; path = AppDelegate.swift; sourceTree = "<group>"; };
		07A41BF41953EB2A00D61372 /* Images.xcassets */ = {isa = PBXFileReference; lastKnownFileType = folder.assetcatalog; path = Images.xcassets; sourceTree = "<group>"; };
		07A41BFA1953EB2A00D61372 /* Yo KeyboardTests.xctest */ = {isa = PBXFileReference; explicitFileType = wrapper.cfbundle; includeInIndex = 0; path = "Yo KeyboardTests.xctest"; sourceTree = BUILT_PRODUCTS_DIR; };
		07A41BFF1953EB2A00D61372 /* Info.plist */ = {isa = PBXFileReference; lastKnownFileType = text.plist.xml; path = Info.plist; sourceTree = "<group>"; };
		07A41C001953EB2A00D61372 /* Yo_KeyboardTests.swift */ = {isa = PBXFileReference; lastKnownFileType = sourcecode.swift; path = Yo_KeyboardTests.swift; sourceTree = "<group>"; };
		07A41C0E1953EBCF00D61372 /* uspi.Yo-Keyboard.Yo.appex */ = {isa = PBXFileReference; explicitFileType = "wrapper.app-extension"; includeInIndex = 0; path = "uspi.Yo-Keyboard.Yo.appex"; sourceTree = BUILT_PRODUCTS_DIR; };
		07A41C111953EBCF00D61372 /* Info.plist */ = {isa = PBXFileReference; lastKnownFileType = text.plist.xml; path = Info.plist; sourceTree = "<group>"; };
		07A41C121953EBCF00D61372 /* KeyboardViewController.swift */ = {isa = PBXFileReference; lastKnownFileType = sourcecode.swift; path = KeyboardViewController.swift; sourceTree = "<group>"; };
/* End PBXFileReference section */

/* Begin PBXFrameworksBuildPhase section */
		07A41BEA1953EB2A00D61372 /* Frameworks */ = {
			isa = PBXFrameworksBuildPhase;
			buildActionMask = 2147483647;
			files = (
			);
			runOnlyForDeploymentPostprocessing = 0;
		};
		07A41BF71953EB2A00D61372 /* Frameworks */ = {
			isa = PBXFrameworksBuildPhase;
			buildActionMask = 2147483647;
			files = (
			);
			runOnlyForDeploymentPostprocessing = 0;
		};
		07A41C0B1953EBCF00D61372 /* Frameworks */ = {
			isa = PBXFrameworksBuildPhase;
			buildActionMask = 2147483647;
			files = (
			);
			runOnlyForDeploymentPostprocessing = 0;
		};
/* End PBXFrameworksBuildPhase section */

/* Begin PBXGroup section */
		07A41BE41953EB2A00D61372 = {
			isa = PBXGroup;
			children = (
				07A41BEF1953EB2A00D61372 /* Yo Keyboard */,
				07A41BFD1953EB2A00D61372 /* Yo KeyboardTests */,
				07A41C0F1953EBCF00D61372 /* Yo */,
				07A41BEE1953EB2A00D61372 /* Products */,
			);
			sourceTree = "<group>";
		};
		07A41BEE1953EB2A00D61372 /* Products */ = {
			isa = PBXGroup;
			children = (
				07A41BED1953EB2A00D61372 /* Yo Keyboard.app */,
				07A41BFA1953EB2A00D61372 /* Yo KeyboardTests.xctest */,
				07A41C0E1953EBCF00D61372 /* uspi.Yo-Keyboard.Yo.appex */,
			);
			name = Products;
			sourceTree = "<group>";
		};
		07A41BEF1953EB2A00D61372 /* Yo Keyboard */ = {
			isa = PBXGroup;
			children = (
				07A41BF21953EB2A00D61372 /* AppDelegate.swift */,
				07A41BF41953EB2A00D61372 /* Images.xcassets */,
				07A41BF01953EB2A00D61372 /* Supporting Files */,
			);
			path = "Yo Keyboard";
			sourceTree = "<group>";
		};
		07A41BF01953EB2A00D61372 /* Supporting Files */ = {
			isa = PBXGroup;
			children = (
				07A41BF11953EB2A00D61372 /* Info.plist */,
			);
			name = "Supporting Files";
			sourceTree = "<group>";
		};
		07A41BFD1953EB2A00D61372 /* Yo KeyboardTests */ = {
			isa = PBXGroup;
			children = (
				07A41C001953EB2A00D61372 /* Yo_KeyboardTests.swift */,
				07A41BFE1953EB2A00D61372 /* Supporting Files */,
			);
			path = "Yo KeyboardTests";
			sourceTree = "<group>";
		};
		07A41BFE1953EB2A00D61372 /* Supporting Files */ = {
			isa = PBXGroup;
			children = (
				07A41BFF1953EB2A00D61372 /* Info.plist */,
			);
			name = "Supporting Files";
			sourceTree = "<group>";
		};
		07A41C0F1953EBCF00D61372 /* Yo */ = {
			isa = PBXGroup;
			children = (
				07A41C121953EBCF00D61372 /* KeyboardViewController.swift */,
				07A41C101953EBCF00D61372 /* Supporting Files */,
			);
			path = Yo;
			sourceTree = "<group>";
		};
		07A41C101953EBCF00D61372 /* Supporting Files */ = {
			isa = PBXGroup;
			children = (
				07A41C111953EBCF00D61372 /* Info.plist */,
			);
			name = "Supporting Files";
			sourceTree = "<group>";
		};
/* End PBXGroup section */

/* Begin PBXNativeTarget section */
		07A41BEC1953EB2A00D61372 /* Yo Keyboard */ = {
			isa = PBXNativeTarget;
			buildConfigurationList = 07A41C041953EB2A00D61372 /* Build configuration list for PBXNativeTarget "Yo Keyboard" */;
			buildPhases = (
				07A41BE91953EB2A00D61372 /* Sources */,
				07A41BEA1953EB2A00D61372 /* Frameworks */,
				07A41BEB1953EB2A00D61372 /* Resources */,
				07A41C1C1953EBCF00D61372 /* Embed App Extensions */,
			);
			buildRules = (
			);
			dependencies = (
				07A41C151953EBCF00D61372 /* PBXTargetDependency */,
				07A41C181953EBCF00D61372 /* PBXTargetDependency */,
			);
			name = "Yo Keyboard";
			productName = "Yo Keyboard";
			productReference = 07A41BED1953EB2A00D61372 /* Yo Keyboard.app */;
			productType = "com.apple.product-type.application";
		};
		07A41BF91953EB2A00D61372 /* Yo KeyboardTests */ = {
			isa = PBXNativeTarget;
			buildConfigurationList = 07A41C071953EB2A00D61372 /* Build configuration list for PBXNativeTarget "Yo KeyboardTests" */;
			buildPhases = (
				07A41BF61953EB2A00D61372 /* Sources */,
				07A41BF71953EB2A00D61372 /* Frameworks */,
				07A41BF81953EB2A00D61372 /* Resources */,
			);
			buildRules = (
			);
			dependencies = (
				07A41BFC1953EB2A00D61372 /* PBXTargetDependency */,
			);
			name = "Yo KeyboardTests";
			productName = "Yo KeyboardTests";
			productReference = 07A41BFA1953EB2A00D61372 /* Yo KeyboardTests.xctest */;
			productType = "com.apple.product-type.bundle.unit-test";
		};
		07A41C0D1953EBCF00D61372 /* Yo */ = {
			isa = PBXNativeTarget;
			buildConfigurationList = 07A41C191953EBCF00D61372 /* Build configuration list for PBXNativeTarget "Yo" */;
			buildPhases = (
				07A41C0A1953EBCF00D61372 /* Sources */,
				07A41C0B1953EBCF00D61372 /* Frameworks */,
				07A41C0C1953EBCF00D61372 /* Resources */,
			);
			buildRules = (
			);
			dependencies = (
			);
			name = Yo;
			productName = Yo;
			productReference = 07A41C0E1953EBCF00D61372 /* uspi.Yo-Keyboard.Yo.appex */;
			productType = "com.apple.product-type.app-extension";
		};
/* End PBXNativeTarget section */

/* Begin PBXProject section */
		07A41BE51953EB2A00D61372 /* Project object */ = {
			isa = PBXProject;
			attributes = {
				LastUpgradeCheck = 0600;
				ORGANIZATIONNAME = "Cameron Nottingham";
				TargetAttributes = {
					07A41BEC1953EB2A00D61372 = {
						CreatedOnToolsVersion = 6.0;
						DevelopmentTeam = D5S987Z34R;
					};
					07A41BF91953EB2A00D61372 = {
						CreatedOnToolsVersion = 6.0;
						TestTargetID = 07A41BEC1953EB2A00D61372;
					};
					07A41C0D1953EBCF00D61372 = {
						CreatedOnToolsVersion = 6.0;
					};
				};
			};
			buildConfigurationList = 07A41BE81953EB2A00D61372 /* Build configuration list for PBXProject "Yo Keyboard" */;
			compatibilityVersion = "Xcode 3.2";
			developmentRegion = English;
			hasScannedForEncodings = 0;
			knownRegions = (
				en,
			);
			mainGroup = 07A41BE41953EB2A00D61372;
			productRefGroup = 07A41BEE1953EB2A00D61372 /* Products */;
			projectDirPath = "";
			projectRoot = "";
			targets = (
				07A41BEC1953EB2A00D61372 /* Yo Keyboard */,
				07A41BF91953EB2A00D61372 /* Yo KeyboardTests */,
				07A41C0D1953EBCF00D61372 /* Yo */,
			);
		};
/* End PBXProject section */

/* Begin PBXResourcesBuildPhase section */
		07A41BEB1953EB2A00D61372 /* Resources */ = {
			isa = PBXResourcesBuildPhase;
			buildActionMask = 2147483647;
			files = (
				07A41BF51953EB2A00D61372 /* Images.xcassets in Resources */,
			);
			runOnlyForDeploymentPostprocessing = 0;
		};
		07A41BF81953EB2A00D61372 /* Resources */ = {
			isa = PBXResourcesBuildPhase;
			buildActionMask = 2147483647;
			files = (
			);
			runOnlyForDeploymentPostprocessing = 0;
		};
		07A41C0C1953EBCF00D61372 /* Resources */ = {
			isa = PBXResourcesBuildPhase;
			buildActionMask = 2147483647;
			files = (
			);
			runOnlyForDeploymentPostprocessing = 0;
		};
/* End PBXResourcesBuildPhase section */

/* Begin PBXSourcesBuildPhase section */
		07A41BE91953EB2A00D61372 /* Sources */ = {
			isa = PBXSourcesBuildPhase;
			buildActionMask = 2147483647;
			files = (
				07A41BF31953EB2A00D61372 /* AppDelegate.swift in Sources */,
			);
			runOnlyForDeploymentPostprocessing = 0;
		};
		07A41BF61953EB2A00D61372 /* Sources */ = {
			isa = PBXSourcesBuildPhase;
			buildActionMask = 2147483647;
			files = (
				07A41C011953EB2A00D61372 /* Yo_KeyboardTests.swift in Sources */,
			);
			runOnlyForDeploymentPostprocessing = 0;
		};
		07A41C0A1953EBCF00D61372 /* Sources */ = {
			isa = PBXSourcesBuildPhase;
			buildActionMask = 2147483647;
			files = (
				07A41C131953EBCF00D61372 /* KeyboardViewController.swift in Sources */,
			);
			runOnlyForDeploymentPostprocessing = 0;
		};
/* End PBXSourcesBuildPhase section */

/* Begin PBXTargetDependency section */
		07A41BFC1953EB2A00D61372 /* PBXTargetDependency */ = {
			isa = PBXTargetDependency;
			target = 07A41BEC1953EB2A00D61372 /* Yo Keyboard */;
			targetProxy = 07A41BFB1953EB2A00D61372 /* PBXContainerItemProxy */;
		};
		07A41C151953EBCF00D61372 /* PBXTargetDependency */ = {
			isa = PBXTargetDependency;
			target = 07A41C0D1953EBCF00D61372 /* Yo */;
			targetProxy = 07A41C141953EBCF00D61372 /* PBXContainerItemProxy */;
		};
		07A41C181953EBCF00D61372 /* PBXTargetDependency */ = {
			isa = PBXTargetDependency;
			target = 07A41C0D1953EBCF00D61372 /* Yo */;
			targetProxy = 07A41C171953EBCF00D61372 /* PBXContainerItemProxy */;
		};
/* End PBXTargetDependency section */

/* Begin XCBuildConfiguration section */
		07A41C021953EB2A00D61372 /* Debug */ = {
			isa = XCBuildConfiguration;
			buildSettings = {
				ALWAYS_SEARCH_USER_PATHS = NO;
				CLANG_CXX_LANGUAGE_STANDARD = "gnu++0x";
				CLANG_CXX_LIBRARY = "libc++";
				CLANG_ENABLE_MODULES = YES;
				CLANG_ENABLE_OBJC_ARC = YES;
				CLANG_WARN_BOOL_CONVERSION = YES;
				CLANG_WARN_CONSTANT_CONVERSION = YES;
				CLANG_WARN_DIRECT_OBJC_ISA_USAGE = YES_ERROR;
				CLANG_WARN_EMPTY_BODY = YES;
				CLANG_WARN_ENUM_CONVERSION = YES;
				CLANG_WARN_INT_CONVERSION = YES;
				CLANG_WARN_OBJC_ROOT_CLASS = YES_ERROR;
				CLANG_WARN_UNREACHABLE_CODE = YES;
				CLANG_WARN__DUPLICATE_METHOD_MATCH = YES;
				"CODE_SIGN_IDENTITY[sdk=iphoneos*]" = "iPhone Developer";
				COPY_PHASE_STRIP = NO;
				ENABLE_STRICT_OBJC_MSGSEND = YES;
				GCC_C_LANGUAGE_STANDARD = gnu99;
				GCC_DYNAMIC_NO_PIC = NO;
				GCC_OPTIMIZATION_LEVEL = 0;
				GCC_PREPROCESSOR_DEFINITIONS = (
					"DEBUG=1",
					"$(inherited)",
				);
				GCC_SYMBOLS_PRIVATE_EXTERN = NO;
				GCC_WARN_64_TO_32_BIT_CONVERSION = YES;
				GCC_WARN_ABOUT_RETURN_TYPE = YES_ERROR;
				GCC_WARN_UNDECLARED_SELECTOR = YES;
				GCC_WARN_UNINITIALIZED_AUTOS = YES_AGGRESSIVE;
				GCC_WARN_UNUSED_FUNCTION = YES;
				GCC_WARN_UNUSED_VARIABLE = YES;
				IPHONEOS_DEPLOYMENT_TARGET = 8.0;
				METAL_ENABLE_DEBUG_INFO = YES;
				ONLY_ACTIVE_ARCH = YES;
				SDKROOT = iphoneos;
				SWIFT_OPTIMIZATION_LEVEL = "-Onone";
				TARGETED_DEVICE_FAMILY = "1,2";
			};
			name = Debug;
		};
		07A41C031953EB2A00D61372 /* Release */ = {
			isa = XCBuildConfiguration;
			buildSettings = {
				ALWAYS_SEARCH_USER_PATHS = NO;
				CLANG_CXX_LANGUAGE_STANDARD = "gnu++0x";
				CLANG_CXX_LIBRARY = "libc++";
				CLANG_ENABLE_MODULES = YES;
				CLANG_ENABLE_OBJC_ARC = YES;
				CLANG_WARN_BOOL_CONVERSION = YES;
				CLANG_WARN_CONSTANT_CONVERSION = YES;
				CLANG_WARN_DIRECT_OBJC_ISA_USAGE = YES_ERROR;
				CLANG_WARN_EMPTY_BODY = YES;
				CLANG_WARN_ENUM_CONVERSION = YES;
				CLANG_WARN_INT_CONVERSION = YES;
				CLANG_WARN_OBJC_ROOT_CLASS = YES_ERROR;
				CLANG_WARN_UNREACHABLE_CODE = YES;
				CLANG_WARN__DUPLICATE_METHOD_MATCH = YES;
				"CODE_SIGN_IDENTITY[sdk=iphoneos*]" = "iPhone Developer";
				COPY_PHASE_STRIP = YES;
				ENABLE_NS_ASSERTIONS = NO;
				ENABLE_STRICT_OBJC_MSGSEND = YES;
				GCC_C_LANGUAGE_STANDARD = gnu99;
				GCC_WARN_64_TO_32_BIT_CONVERSION = YES;
				GCC_WARN_ABOUT_RETURN_TYPE = YES_ERROR;
				GCC_WARN_UNDECLARED_SELECTOR = YES;
				GCC_WARN_UNINITIALIZED_AUTOS = YES_AGGRESSIVE;
				GCC_WARN_UNUSED_FUNCTION = YES;
				GCC_WARN_UNUSED_VARIABLE = YES;
				IPHONEOS_DEPLOYMENT_TARGET = 8.0;
				METAL_ENABLE_DEBUG_INFO = NO;
				SDKROOT = iphoneos;
				TARGETED_DEVICE_FAMILY = "1,2";
				VALIDATE_PRODUCT = YES;
			};
			name = Release;
		};
		07A41C051953EB2A00D61372 /* Debug */ = {
			isa = XCBuildConfiguration;
			buildSettings = {
				ASSETCATALOG_COMPILER_APPICON_NAME = AppIcon;
				ASSETCATALOG_COMPILER_LAUNCHIMAGE_NAME = LaunchImage;
				CODE_SIGN_IDENTITY = "iPhone Developer";
				"CODE_SIGN_IDENTITY[sdk=iphoneos*]" = "iPhone Developer";
				INFOPLIST_FILE = "Yo Keyboard/Info.plist";
				LD_RUNPATH_SEARCH_PATHS = "$(inherited) @executable_path/Frameworks";
				PRODUCT_NAME = "$(TARGET_NAME)";
				PROVISIONING_PROFILE = "";
			};
			name = Debug;
		};
		07A41C061953EB2A00D61372 /* Release */ = {
			isa = XCBuildConfiguration;
			buildSettings = {
				ASSETCATALOG_COMPILER_APPICON_NAME = AppIcon;
				ASSETCATALOG_COMPILER_LAUNCHIMAGE_NAME = LaunchImage;
				CODE_SIGN_IDENTITY = "iPhone Developer";
				"CODE_SIGN_IDENTITY[sdk=iphoneos*]" = "iPhone Developer";
				INFOPLIST_FILE = "Yo Keyboard/Info.plist";
				LD_RUNPATH_SEARCH_PATHS = "$(inherited) @executable_path/Frameworks";
				PRODUCT_NAME = "$(TARGET_NAME)";
				PROVISIONING_PROFILE = "";
			};
			name = Release;
		};
		07A41C081953EB2A00D61372 /* Debug */ = {
			isa = XCBuildConfiguration;
			buildSettings = {
				BUNDLE_LOADER = "$(BUILT_PRODUCTS_DIR)/Yo Keyboard.app/Yo Keyboard";
				FRAMEWORK_SEARCH_PATHS = (
					"$(SDKROOT)/Developer/Library/Frameworks",
					"$(inherited)",
				);
				GCC_PREPROCESSOR_DEFINITIONS = (
					"DEBUG=1",
					"$(inherited)",
				);
				INFOPLIST_FILE = "Yo KeyboardTests/Info.plist";
				LD_RUNPATH_SEARCH_PATHS = "$(inherited) @executable_path/Frameworks @loader_path/Frameworks";
				METAL_ENABLE_DEBUG_INFO = YES;
				PRODUCT_NAME = "$(TARGET_NAME)";
				TEST_HOST = "$(BUNDLE_LOADER)";
			};
			name = Debug;
		};
		07A41C091953EB2A00D61372 /* Release */ = {
			isa = XCBuildConfiguration;
			buildSettings = {
				BUNDLE_LOADER = "$(BUILT_PRODUCTS_DIR)/Yo Keyboard.app/Yo Keyboard";
				FRAMEWORK_SEARCH_PATHS = (
					"$(SDKROOT)/Developer/Library/Frameworks",
					"$(inherited)",
				);
				INFOPLIST_FILE = "Yo KeyboardTests/Info.plist";
				LD_RUNPATH_SEARCH_PATHS = "$(inherited) @executable_path/Frameworks @loader_path/Frameworks";
				METAL_ENABLE_DEBUG_INFO = NO;
				PRODUCT_NAME = "$(TARGET_NAME)";
				TEST_HOST = "$(BUNDLE_LOADER)";
			};
			name = Release;
		};
		07A41C1A1953EBCF00D61372 /* Debug */ = {
			isa = XCBuildConfiguration;
			buildSettings = {
				GCC_PREPROCESSOR_DEFINITIONS = (
					"DEBUG=1",
					"$(inherited)",
				);
				INFOPLIST_FILE = Yo/Info.plist;
				LD_RUNPATH_SEARCH_PATHS = "$(inherited) @executable_path/Frameworks @executable_path/../../Frameworks";
				METAL_ENABLE_DEBUG_INFO = YES;
				PRODUCT_NAME = "uspi.Yo-Keyboard.$(TARGET_NAME:rfc1034identifier)";
				SKIP_INSTALL = YES;
			};
			name = Debug;
		};
		07A41C1B1953EBCF00D61372 /* Release */ = {
			isa = XCBuildConfiguration;
			buildSettings = {
				INFOPLIST_FILE = Yo/Info.plist;
				LD_RUNPATH_SEARCH_PATHS = "$(inherited) @executable_path/Frameworks @executable_path/../../Frameworks";
				METAL_ENABLE_DEBUG_INFO = NO;
				PRODUCT_NAME = "uspi.Yo-Keyboard.$(TARGET_NAME:rfc1034identifier)";
				SKIP_INSTALL = YES;
			};
			name = Release;
		};
/* End XCBuildConfiguration section */

/* Begin XCConfigurationList section */
		07A41BE81953EB2A00D61372 /* Build configuration list for PBXProject "Yo Keyboard" */ = {
			isa = XCConfigurationList;
			buildConfigurations = (
				07A41C021953EB2A00D61372 /* Debug */,
				07A41C031953EB2A00D61372 /* Release */,
			);
			defaultConfigurationIsVisible = 0;
			defaultConfigurationName = Release;
		};
		07A41C041953EB2A00D61372 /* Build configuration list for PBXNativeTarget "Yo Keyboard" */ = {
			isa = XCConfigurationList;
			buildConfigurations = (
				07A41C051953EB2A00D61372 /* Debug */,
				07A41C061953EB2A00D61372 /* Release */,
			);
			defaultConfigurationIsVisible = 0;
			defaultConfigurationName = Release;
		};
		07A41C071953EB2A00D61372 /* Build configuration list for PBXNativeTarget "Yo KeyboardTests" */ = {
			isa = XCConfigurationList;
			buildConfigurations = (
				07A41C081953EB2A00D61372 /* Debug */,
				07A41C091953EB2A00D61372 /* Release */,
			);
			defaultConfigurationIsVisible = 0;
			defaultConfigurationName = Release;
		};
		07A41C191953EBCF00D61372 /* Build configuration list for PBXNativeTarget "Yo" */ = {
			isa = XCConfigurationList;
			buildConfigurations = (
				07A41C1A1953EBCF00D61372 /* Debug */,
				07A41C1B1953EBCF00D61372 /* Release */,
			);
			defaultConfigurationIsVisible = 0;
			defaultConfigurationName = Release;
		};
/* End XCConfigurationList section */
	};
	rootObject = 07A41BE51953EB2A00D61372 /* Project object */;
}
